# THIS IS AN AUTOGENERATED FILE. DO NOT EDIT THIS FILE DIRECTLY.
# yarn lockfile v1


"@types/reveal@^4.1.1":
  version "4.1.1"
  resolved "https://registry.yarnpkg.com/@types/reveal/-/reveal-4.1.1.tgz#4fb744b838eb5b52a35ab3d24a064ccd8c43aa2c"
  integrity sha512-WReEUSkl4zCFxFc7GEqiNh5J/kC5T6m9SUBSxguJ8c3BS9ehqR6eK8s6gvvNxuyeHo6TzbhAb02VpYyTmxtGFg==

prettier@^2.5.1:
  version "2.5.1"
  resolved "https://registry.yarnpkg.com/prettier/-/prettier-2.5.1.tgz#fff75fa9d519c54cf0fce328c1017d94546bc56a"
  integrity sha512-vBZcPRUR5MZJwoyi3ZoyQlc1rXeEck8KgeC9AwwOn+exuxLxq5toTRDTSaVrXHxelDMHy9zlicw8u66yxoSUFg==

reveal.js@^4.2.1:
  version "4.2.1"
  resolved "https://registry.yarnpkg.com/reveal.js/-/reveal.js-4.2.1.tgz#7dd56c930b826ef7065054c76106dce4d7be0056"
  integrity sha512-OXH4qT5Gs9di6lZPDmRuanIvdiVzltCe8W9ELz6Q3EhoWS+RjRp5HBwFHr+k1fbbP82/Z83sQiK+/ZYFBwrrsQ==

typescript@^4.5.4:
  version "4.5.4"
  resolved "https://registry.yarnpkg.com/typescript/-/typescript-4.5.4.tgz#a17d3a0263bf5c8723b9c52f43c5084edf13c2e8"
  integrity sha512-VgYs2A2QIRuGphtzFV7aQJduJ2gyfTljngLzjpfW9FoYZF6xuw1W0vW9ghCKLfcWrCFxK81CSGRAvS1pn4fIUg==
